# THIS IS AN AUTOGENERATED FILE. DO NOT EDIT THIS FILE DIRECTLY.
# yarn lockfile v1


esm@^3.2.20:
  version "3.2.20"
  resolved "https://registry.yarnpkg.com/esm/-/esm-3.2.20.tgz#44f125117863427cdece7223baa411fc739c1939"
  integrity sha512-NA92qDA8C/qGX/xMinDGa3+cSPs4wQoFxskRrSnDo/9UloifhONFm4sl4G+JsyCqM007z2K+BfQlH5rMta4K1Q==
